// !$*UTF8*$!
{
	archiveVersion = 1;
	classes = {
	};
	objectVersion = 46;
	objects = {

/* Begin PBXBuildFile section */
		507547361AB17C10004178C1 /* main.m in Sources */ = {isa = PBXBuildFile; fileRef = 507547351AB17C10004178C1 /* main.m */; };
		507547391AB17C10004178C1 /* AppDelegate.m in Sources */ = {isa = PBXBuildFile; fileRef = 507547381AB17C10004178C1 /* AppDelegate.m */; };
		5075473C1AB17C10004178C1 /* ViewController.m in Sources */ = {isa = PBXBuildFile; fileRef = 5075473B1AB17C10004178C1 /* ViewController.m */; };
		5075473F1AB17C10004178C1 /* Main.storyboard in Resources */ = {isa = PBXBuildFile; fileRef = 5075473D1AB17C10004178C1 /* Main.storyboard */; };
		507547411AB17C10004178C1 /* Images.xcassets in Resources */ = {isa = PBXBuildFile; fileRef = 507547401AB17C10004178C1 /* Images.xcassets */; };
		507547441AB17C10004178C1 /* LaunchScreen.xib in Resources */ = {isa = PBXBuildFile; fileRef = 507547421AB17C10004178C1 /* LaunchScreen.xib */; };
		507547501AB17C10004178C1 /* YLYBoxViewDemoTests.m in Sources */ = {isa = PBXBuildFile; fileRef = 5075474F1AB17C10004178C1 /* YLYBoxViewDemoTests.m */; };
		5075475B1AB17CA4004178C1 /* YLYBoxView.m in Sources */ = {isa = PBXBuildFile; fileRef = 5075475A1AB17CA4004178C1 /* YLYBoxView.m */; };
		5075475E1AB17EAF004178C1 /* check_false.png in Resources */ = {isa = PBXBuildFile; fileRef = 5075475C1AB17EAF004178C1 /* check_false.png */; };
		5075475F1AB17EAF004178C1 /* check_true.png in Resources */ = {isa = PBXBuildFile; fileRef = 5075475D1AB17EAF004178C1 /* check_true.png */; };
/* End PBXBuildFile section */

/* Begin PBXContainerItemProxy section */
		5075474A1AB17C10004178C1 /* PBXContainerItemProxy */ = {
			isa = PBXContainerItemProxy;
			containerPortal = 507547281AB17C10004178C1 /* Project object */;
			proxyType = 1;
			remoteGlobalIDString = 5075472F1AB17C10004178C1;
			remoteInfo = YLYBoxViewDemo;
		};
/* End PBXContainerItemProxy section */

/* Begin PBXFileReference section */
		507547301AB17C10004178C1 /* YLYBoxViewDemo.app */ = {isa = PBXFileReference; explicitFileType = wrapper.application; includeInIndex = 0; path = YLYBoxViewDemo.app; sourceTree = BUILT_PRODUCTS_DIR; };
		507547341AB17C10004178C1 /* Info.plist */ = {isa = PBXFileReference; lastKnownFileType = text.plist.xml; path = Info.plist; sourceTree = "<group>"; };
		507547351AB17C10004178C1 /* main.m */ = {isa = PBXFileReference; lastKnownFileType = sourcecode.c.objc; path = main.m; sourceTree = "<group>"; };
		507547371AB17C10004178C1 /* AppDelegate.h */ = {isa = PBXFileReference; lastKnownFileType = sourcecode.c.h; path = AppDelegate.h; sourceTree = "<group>"; };
		507547381AB17C10004178C1 /* AppDelegate.m */ = {isa = PBXFileReference; lastKnownFileType = sourcecode.c.objc; path = AppDelegate.m; sourceTree = "<group>"; };
		5075473A1AB17C10004178C1 /* ViewController.h */ = {isa = PBXFileReference; lastKnownFileType = sourcecode.c.h; path = ViewController.h; sourceTree = "<group>"; };
		5075473B1AB17C10004178C1 /* ViewController.m */ = {isa = PBXFileReference; lastKnownFileType = sourcecode.c.objc; path = ViewController.m; sourceTree = "<group>"; };
		5075473E1AB17C10004178C1 /* Base */ = {isa = PBXFileReference; lastKnownFileType = file.storyboard; name = Base; path = Base.lproj/Main.storyboard; sourceTree = "<group>"; };
		507547401AB17C10004178C1 /* Images.xcassets */ = {isa = PBXFileReference; lastKnownFileType = folder.assetcatalog; path = Images.xcassets; sourceTree = "<group>"; };
		507547431AB17C10004178C1 /* Base */ = {isa = PBXFileReference; lastKnownFileType = file.xib; name = Base; path = Base.lproj/LaunchScreen.xib; sourceTree = "<group>"; };
		507547491AB17C10004178C1 /* YLYBoxViewDemoTests.xctest */ = {isa = PBXFileReference; explicitFileType = wrapper.cfbundle; includeInIndex = 0; path = YLYBoxViewDemoTests.xctest; sourceTree = BUILT_PRODUCTS_DIR; };
		5075474E1AB17C10004178C1 /* Info.plist */ = {isa = PBXFileReference; lastKnownFileType = text.plist.xml; path = Info.plist; sourceTree = "<group>"; };
		5075474F1AB17C10004178C1 /* YLYBoxViewDemoTests.m */ = {isa = PBXFileReference; lastKnownFileType = sourcecode.c.objc; path = YLYBoxViewDemoTests.m; sourceTree = "<group>"; };
		507547591AB17CA4004178C1 /* YLYBoxView.h */ = {isa = PBXFileReference; fileEncoding = 4; lastKnownFileType = sourcecode.c.h; path = YLYBoxView.h; sourceTree = "<group>"; };
		5075475A1AB17CA4004178C1 /* YLYBoxView.m */ = {isa = PBXFileReference; fileEncoding = 4; lastKnownFileType = sourcecode.c.objc; path = YLYBoxView.m; sourceTree = "<group>"; };
		5075475C1AB17EAF004178C1 /* check_false.png */ = {isa = PBXFileReference; lastKnownFileType = image.png; path = check_false.png; sourceTree = "<group>"; };
		5075475D1AB17EAF004178C1 /* check_true.png */ = {isa = PBXFileReference; lastKnownFileType = image.png; path = check_true.png; sourceTree = "<group>"; };
/* End PBXFileReference section */

/* Begin PBXFrameworksBuildPhase section */
		5075472D1AB17C10004178C1 /* Frameworks */ = {
			isa = PBXFrameworksBuildPhase;
			buildActionMask = 2147483647;
			files = (
			);
			runOnlyForDeploymentPostprocessing = 0;
		};
		507547461AB17C10004178C1 /* Frameworks */ = {
			isa = PBXFrameworksBuildPhase;
			buildActionMask = 2147483647;
			files = (
			);
			runOnlyForDeploymentPostprocessing = 0;
		};
/* End PBXFrameworksBuildPhase section */

/* Begin PBXGroup section */
		507547271AB17C10004178C1 = {
			isa = PBXGroup;
			children = (
				507547321AB17C10004178C1 /* YLYBoxViewDemo */,
				5075474C1AB17C10004178C1 /* YLYBoxViewDemoTests */,
				507547311AB17C10004178C1 /* Products */,
			);
			sourceTree = "<group>";
		};
		507547311AB17C10004178C1 /* Products */ = {
			isa = PBXGroup;
			children = (
				507547301AB17C10004178C1 /* YLYBoxViewDemo.app */,
				507547491AB17C10004178C1 /* YLYBoxViewDemoTests.xctest */,
			);
			name = Products;
			sourceTree = "<group>";
		};
		507547321AB17C10004178C1 /* YLYBoxViewDemo */ = {
			isa = PBXGroup;
			children = (
				507547371AB17C10004178C1 /* AppDelegate.h */,
				507547381AB17C10004178C1 /* AppDelegate.m */,
				507547591AB17CA4004178C1 /* YLYBoxView.h */,
				5075475A1AB17CA4004178C1 /* YLYBoxView.m */,
				5075475C1AB17EAF004178C1 /* check_false.png */,
				5075475D1AB17EAF004178C1 /* check_true.png */,
				5075473A1AB17C10004178C1 /* ViewController.h */,
				5075473B1AB17C10004178C1 /* ViewController.m */,
				5075473D1AB17C10004178C1 /* Main.storyboard */,
				507547401AB17C10004178C1 /* Images.xcassets */,
				507547421AB17C10004178C1 /* LaunchScreen.xib */,
				507547331AB17C10004178C1 /* Supporting Files */,
			);
			path = YLYBoxViewDemo;
			sourceTree = "<group>";
		};
		507547331AB17C10004178C1 /* Supporting Files */ = {
			isa = PBXGroup;
			children = (
				507547341AB17C10004178C1 /* Info.plist */,
				507547351AB17C10004178C1 /* main.m */,
			);
			name = "Supporting Files";
			sourceTree = "<group>";
		};
		5075474C1AB17C10004178C1 /* YLYBoxViewDemoTests */ = {
			isa = PBXGroup;
			children = (
				5075474F1AB17C10004178C1 /* YLYBoxViewDemoTests.m */,
				5075474D1AB17C10004178C1 /* Supporting Files */,
			);
			path = YLYBoxViewDemoTests;
			sourceTree = "<group>";
		};
		5075474D1AB17C10004178C1 /* Supporting Files */ = {
			isa = PBXGroup;
			children = (
				5075474E1AB17C10004178C1 /* Info.plist */,
			);
			name = "Supporting Files";
			sourceTree = "<group>";
		};
/* End PBXGroup section */

/* Begin PBXNativeTarget section */
		5075472F1AB17C10004178C1 /* YLYBoxViewDemo */ = {
			isa = PBXNativeTarget;
			buildConfigurationList = 507547531AB17C10004178C1 /* Build configuration list for PBXNativeTarget "YLYBoxViewDemo" */;
			buildPhases = (
				5075472C1AB17C10004178C1 /* Sources */,
				5075472D1AB17C10004178C1 /* Frameworks */,
				5075472E1AB17C10004178C1 /* Resources */,
			);
			buildRules = (
			);
			dependencies = (
			);
			name = YLYBoxViewDemo;
			productName = YLYBoxViewDemo;
			productReference = 507547301AB17C10004178C1 /* YLYBoxViewDemo.app */;
			productType = "com.apple.product-type.application";
		};
		507547481AB17C10004178C1 /* YLYBoxViewDemoTests */ = {
			isa = PBXNativeTarget;
			buildConfigurationList = 507547561AB17C10004178C1 /* Build configuration list for PBXNativeTarget "YLYBoxViewDemoTests" */;
			buildPhases = (
				507547451AB17C10004178C1 /* Sources */,
				507547461AB17C10004178C1 /* Frameworks */,
				507547471AB17C10004178C1 /* Resources */,
			);
			buildRules = (
			);
			dependencies = (
				5075474B1AB17C10004178C1 /* PBXTargetDependency */,
			);
			name = YLYBoxViewDemoTests;
			productName = YLYBoxViewDemoTests;
			productReference = 507547491AB17C10004178C1 /* YLYBoxViewDemoTests.xctest */;
			productType = "com.apple.product-type.bundle.unit-test";
		};
/* End PBXNativeTarget section */

/* Begin PBXProject section */
		507547281AB17C10004178C1 /* Project object */ = {
			isa = PBXProject;
			attributes = {
				LastUpgradeCheck = 0620;
				ORGANIZATIONNAME = xllyll;
				TargetAttributes = {
					5075472F1AB17C10004178C1 = {
						CreatedOnToolsVersion = 6.2;
					};
					507547481AB17C10004178C1 = {
						CreatedOnToolsVersion = 6.2;
						TestTargetID = 5075472F1AB17C10004178C1;
					};
				};
			};
			buildConfigurationList = 5075472B1AB17C10004178C1 /* Build configuration list for PBXProject "YLYBoxViewDemo" */;
			compatibilityVersion = "Xcode 3.2";
			developmentRegion = English;
			hasScannedForEncodings = 0;
			knownRegions = (
				en,
				Base,
			);
			mainGroup = 507547271AB17C10004178C1;
			productRefGroup = 507547311AB17C10004178C1 /* Products */;
			projectDirPath = "";
			projectRoot = "";
			targets = (
				5075472F1AB17C10004178C1 /* YLYBoxViewDemo */,
				507547481AB17C10004178C1 /* YLYBoxViewDemoTests */,
			);
		};
/* End PBXProject section */

/* Begin PBXResourcesBuildPhase section */
		5075472E1AB17C10004178C1 /* Resources */ = {
			isa = PBXResourcesBuildPhase;
			buildActionMask = 2147483647;
			files = (
				5075473F1AB17C10004178C1 /* Main.storyboard in Resources */,
				507547441AB17C10004178C1 /* LaunchScreen.xib in Resources */,
				5075475E1AB17EAF004178C1 /* check_false.png in Resources */,
				5075475F1AB17EAF004178C1 /* check_true.png in Resources */,
				507547411AB17C10004178C1 /* Images.xcassets in Resources */,
			);
			runOnlyForDeploymentPostprocessing = 0;
		};
		507547471AB17C10004178C1 /* Resources */ = {
			isa = PBXResourcesBuildPhase;
			buildActionMask = 2147483647;
			files = (
			);
			runOnlyForDeploymentPostprocessing = 0;
		};
/* End PBXResourcesBuildPhase section */

/* Begin PBXSourcesBuildPhase section */
		5075472C1AB17C10004178C1 /* Sources */ = {
			isa = PBXSourcesBuildPhase;
			buildActionMask = 2147483647;
			files = (
				5075473C1AB17C10004178C1 /* ViewController.m in Sources */,
				5075475B1AB17CA4004178C1 /* YLYBoxView.m in Sources */,
				507547391AB17C10004178C1 /* AppDelegate.m in Sources */,
				507547361AB17C10004178C1 /* main.m in Sources */,
			);
			runOnlyForDeploymentPostprocessing = 0;
		};
		507547451AB17C10004178C1 /* Sources */ = {
			isa = PBXSourcesBuildPhase;
			buildActionMask = 2147483647;
			files = (
				507547501AB17C10004178C1 /* YLYBoxViewDemoTests.m in Sources */,
			);
			runOnlyForDeploymentPostprocessing = 0;
		};
/* End PBXSourcesBuildPhase section */

/* Begin PBXTargetDependency section */
		5075474B1AB17C10004178C1 /* PBXTargetDependency */ = {
			isa = PBXTargetDependency;
			target = 5075472F1AB17C10004178C1 /* YLYBoxViewDemo */;
			targetProxy = 5075474A1AB17C10004178C1 /* PBXContainerItemProxy */;
		};
/* End PBXTargetDependency section */

/* Begin PBXVariantGroup section */
		5075473D1AB17C10004178C1 /* Main.storyboard */ = {
			isa = PBXVariantGroup;
			children = (
				5075473E1AB17C10004178C1 /* Base */,
			);
			name = Main.storyboard;
			sourceTree = "<group>";
		};
		507547421AB17C10004178C1 /* LaunchScreen.xib */ = {
			isa = PBXVariantGroup;
			children = (
				507547431AB17C10004178C1 /* Base */,
			);
			name = LaunchScreen.xib;
			sourceTree = "<group>";
		};
/* End PBXVariantGroup section */

/* Begin XCBuildConfiguration section */
		507547511AB17C10004178C1 /* Debug */ = {
			isa = XCBuildConfiguration;
			buildSettings = {
				ALWAYS_SEARCH_USER_PATHS = NO;
				CLANG_CXX_LANGUAGE_STANDARD = "gnu++0x";
				CLANG_CXX_LIBRARY = "libc++";
				CLANG_ENABLE_MODULES = YES;
				CLANG_ENABLE_OBJC_ARC = YES;
				CLANG_WARN_BOOL_CONVERSION = YES;
				CLANG_WARN_CONSTANT_CONVERSION = YES;
				CLANG_WARN_DIRECT_OBJC_ISA_USAGE = YES_ERROR;
				CLANG_WARN_EMPTY_BODY = YES;
				CLANG_WARN_ENUM_CONVERSION = YES;
				CLANG_WARN_INT_CONVERSION = YES;
				CLANG_WARN_OBJC_ROOT_CLASS = YES_ERROR;
				CLANG_WARN_UNREACHABLE_CODE = YES;
				CLANG_WARN__DUPLICATE_METHOD_MATCH = YES;
				"CODE_SIGN_IDENTITY[sdk=iphoneos*]" = "iPhone Developer";
				COPY_PHASE_STRIP = NO;
				ENABLE_STRICT_OBJC_MSGSEND = YES;
				GCC_C_LANGUAGE_STANDARD = gnu99;
				GCC_DYNAMIC_NO_PIC = NO;
				GCC_OPTIMIZATION_LEVEL = 0;
				GCC_PREPROCESSOR_DEFINITIONS = (
					"DEBUG=1",
					"$(inherited)",
				);
				GCC_SYMBOLS_PRIVATE_EXTERN = NO;
				GCC_WARN_64_TO_32_BIT_CONVERSION = YES;
				GCC_WARN_ABOUT_RETURN_TYPE = YES_ERROR;
				GCC_WARN_UNDECLARED_SELECTOR = YES;
				GCC_WARN_UNINITIALIZED_AUTOS = YES_AGGRESSIVE;
				GCC_WARN_UNUSED_FUNCTION = YES;
				GCC_WARN_UNUSED_VARIABLE = YES;
				IPHONEOS_DEPLOYMENT_TARGET = 8.2;
				MTL_ENABLE_DEBUG_INFO = YES;
				ONLY_ACTIVE_ARCH = YES;
				SDKROOT = iphoneos;
				TARGETED_DEVICE_FAMILY = "1,2";
			};
			name = Debug;
		};
		507547521AB17C10004178C1 /* Release */ = {
			isa = XCBuildConfiguration;
			buildSettings = {
				ALWAYS_SEARCH_USER_PATHS = NO;
				CLANG_CXX_LANGUAGE_STANDARD = "gnu++0x";
				CLANG_CXX_LIBRARY = "libc++";
				CLANG_ENABLE_MODULES = YES;
				CLANG_ENABLE_OBJC_ARC = YES;
				CLANG_WARN_BOOL_CONVERSION = YES;
				CLANG_WARN_CONSTANT_CONVERSION = YES;
				CLANG_WARN_DIRECT_OBJC_ISA_USAGE = YES_ERROR;
				CLANG_WARN_EMPTY_BODY = YES;
				CLANG_WARN_ENUM_CONVERSION = YES;
				CLANG_WARN_INT_CONVERSION = YES;
				CLANG_WARN_OBJC_ROOT_CLASS = YES_ERROR;
				CLANG_WARN_UNREACHABLE_CODE = YES;
				CLANG_WARN__DUPLICATE_METHOD_MATCH = YES;
				"CODE_SIGN_IDENTITY[sdk=iphoneos*]" = "iPhone Developer";
				COPY_PHASE_STRIP = NO;
				ENABLE_NS_ASSERTIONS = NO;
				ENABLE_STRICT_OBJC_MSGSEND = YES;
				GCC_C_LANGUAGE_STANDARD = gnu99;
				GCC_WARN_64_TO_32_BIT_CONVERSION = YES;
				GCC_WARN_ABOUT_RETURN_TYPE = YES_ERROR;
				GCC_WARN_UNDECLARED_SELECTOR = YES;
				GCC_WARN_UNINITIALIZED_AUTOS = YES_AGGRESSIVE;
				GCC_WARN_UNUSED_FUNCTION = YES;
				GCC_WARN_UNUSED_VARIABLE = YES;
				IPHONEOS_DEPLOYMENT_TARGET = 8.2;
				MTL_ENABLE_DEBUG_INFO = NO;
				SDKROOT = iphoneos;
				TARGETED_DEVICE_FAMILY = "1,2";
				VALIDATE_PRODUCT = YES;
			};
			name = Release;
		};
		507547541AB17C10004178C1 /* Debug */ = {
			isa = XCBuildConfiguration;
			buildSettings = {
				ASSETCATALOG_COMPILER_APPICON_NAME = AppIcon;
				INFOPLIST_FILE = YLYBoxViewDemo/Info.plist;
				IPHONEOS_DEPLOYMENT_TARGET = 7.0;
				LD_RUNPATH_SEARCH_PATHS = "$(inherited) @executable_path/Frameworks";
				PRODUCT_NAME = "$(TARGET_NAME)";
				TARGETED_DEVICE_FAMILY = 1;
			};
			name = Debug;
		};
		507547551AB17C10004178C1 /* Release */ = {
			isa = XCBuildConfiguration;
			buildSettings = {
				ASSETCATALOG_COMPILER_APPICON_NAME = AppIcon;
				INFOPLIST_FILE = YLYBoxViewDemo/Info.plist;
				IPHONEOS_DEPLOYMENT_TARGET = 7.0;
				LD_RUNPATH_SEARCH_PATHS = "$(inherited) @executable_path/Frameworks";
				PRODUCT_NAME = "$(TARGET_NAME)";
				TARGETED_DEVICE_FAMILY = 1;
			};
			name = Release;
		};
		507547571AB17C10004178C1 /* Debug */ = {
			isa = XCBuildConfiguration;
			buildSettings = {
				BUNDLE_LOADER = "$(TEST_HOST)";
				FRAMEWORK_SEARCH_PATHS = (
					"$(SDKROOT)/Developer/Library/Frameworks",
					"$(inherited)",
				);
				GCC_PREPROCESSOR_DEFINITIONS = (
					"DEBUG=1",
					"$(inherited)",
				);
				INFOPLIST_FILE = YLYBoxViewDemoTests/Info.plist;
				LD_RUNPATH_SEARCH_PATHS = "$(inherited) @executable_path/Frameworks @loader_path/Frameworks";
				PRODUCT_NAME = "$(TARGET_NAME)";
				TEST_HOST = "$(BUILT_PRODUCTS_DIR)/YLYBoxViewDemo.app/YLYBoxViewDemo";
			};
			name = Debug;
		};
		507547581AB17C10004178C1 /* Release */ = {
			isa = XCBuildConfiguration;
			buildSettings = {
				BUNDLE_LOADER = "$(TEST_HOST)";
				FRAMEWORK_SEARCH_PATHS = (
					"$(SDKROOT)/Developer/Library/Frameworks",
					"$(inherited)",
				);
				INFOPLIST_FILE = YLYBoxViewDemoTests/Info.plist;
				LD_RUNPATH_SEARCH_PATHS = "$(inherited) @executable_path/Frameworks @loader_path/Frameworks";
				PRODUCT_NAME = "$(TARGET_NAME)";
				TEST_HOST = "$(BUILT_PRODUCTS_DIR)/YLYBoxViewDemo.app/YLYBoxViewDemo";
			};
			name = Release;
		};
/* End XCBuildConfiguration section */

/* Begin XCConfigurationList section */
		5075472B1AB17C10004178C1 /* Build configuration list for PBXProject "YLYBoxViewDemo" */ = {
			isa = XCConfigurationList;
			buildConfigurations = (
				507547511AB17C10004178C1 /* Debug */,
				507547521AB17C10004178C1 /* Release */,
			);
			defaultConfigurationIsVisible = 0;
			defaultConfigurationName = Release;
		};
		507547531AB17C10004178C1 /* Build configuration list for PBXNativeTarget "YLYBoxViewDemo" */ = {
			isa = XCConfigurationList;
			buildConfigurations = (
				507547541AB17C10004178C1 /* Debug */,
				507547551AB17C10004178C1 /* Release */,
			);
			defaultConfigurationIsVisible = 0;
		};
		507547561AB17C10004178C1 /* Build configuration list for PBXNativeTarget "YLYBoxViewDemoTests" */ = {
			isa = XCConfigurationList;
			buildConfigurations = (
				507547571AB17C10004178C1 /* Debug */,
				507547581AB17C10004178C1 /* Release */,
			);
			defaultConfigurationIsVisible = 0;
		};
/* End XCConfigurationList section */
	};
	rootObject = 507547281AB17C10004178C1 /* Project object */;
}
